
Microsoft Visual Studio Solution File, Format Version 12.00
# Visual Studio Version 16
VisualStudioVersion = 16.0.31729.503
MinimumVisualStudioVersion = 10.0.40219.1
Project("{FAE04EC0-301F-11D3-BF4B-00C04F79EFBC}") = "BT", "BT\BT.csproj", "{0EFC5837-7F28-41E8-8E3E-C6B71A6C1921}"
EndProject
Global
	GlobalSection(SolutionConfigurationPlatforms) = preSolution
		Debug|Any CPU = Debug|Any CPU
		Release|Any CPU = Release|Any CPU
	EndGlobalSection
	GlobalSection(ProjectConfigurationPlatforms) = postSolution
		{0EFC5837-7F28-41E8-8E3E-C6B71A6C1921}.Debug|Any CPU.ActiveCfg = Debug|Any CPU
		{0EFC5837-7F28-41E8-8E3E-C6B71A6C1921}.Debug|Any CPU.Build.0 = Debug|Any CPU
		{0EFC5837-7F28-41E8-8E3E-C6B71A6C1921}.Release|Any CPU.ActiveCfg = Release|Any CPU
		{0EFC5837-7F28-41E8-8E3E-C6B71A6C1921}.Release|Any CPU.Build.0 = Release|Any CPU
	EndGlobalSection
	GlobalSection(SolutionProperties) = preSolution
		HideSolutionNode = FALSE
	EndGlobalSection
	GlobalSection(ExtensibilityGlobals) = postSolution
		SolutionGuid = {FEB7EA1F-9999-4E64-9CC4-5CE1CCF0A20B}
	EndGlobalSection
EndGlobal
